Microsoft Visual Studio Solution File, Format Version 12.00
# Visual Studio 15
VisualStudioVersion = 15.0.27130.2020
MinimumVisualStudioVersion = 10.0.40219.1
Project("{FAE04EC0-301F-11D3-BF4B-00C04F79EFBC}") = "Library", "Library\Library.csproj", "{4389E4D7-B56A-4963-9A80-C3C4305453E8}"
EndProject
Global
	GlobalSection(SolutionConfigurationPlatforms) = preSolution
		Debug|Any CPU = Debug|Any CPU
		Release|Any CPU = Release|Any CPU
	EndGlobalSection
	GlobalSection(ProjectConfigurationPlatforms) = postSolution
		{4389E4D7-B56A-4963-9A80-C3C4305453E8}.Debug|Any CPU.ActiveCfg = Debug|Any CPU
		{4389E4D7-B56A-4963-9A80-C3C4305453E8}.Debug|Any CPU.Build.0 = Debug|Any CPU
		{4389E4D7-B56A-4963-9A80-C3C4305453E8}.Release|Any CPU.ActiveCfg = Release|Any CPU
		{4389E4D7-B56A-4963-9A80-C3C4305453E8}.Release|Any CPU.Build.0 = Release|Any CPU
	EndGlobalSection
	GlobalSection(SolutionProperties) = preSolution
		HideSolutionNode = FALSE
	EndGlobalSection
	GlobalSection(ExtensibilityGlobals) = postSolution
		SolutionGuid = {FAA24445-622C-42C9-B813-F5F1E3034CFE}
	EndGlobalSection
EndGlobal
