
Microsoft Visual Studio Solution File, Format Version 12.00
# Visual Studio 15
VisualStudioVersion = 15.0.27130.2020
MinimumVisualStudioVersion = 10.0.40219.1
Project("{FAE04EC0-301F-11D3-BF4B-00C04F79EFBC}") = "例10_4", "例10_4.csproj", "{FD79CA9F-E4F8-49EF-BF01-A09C33E7BB71}"
EndProject
Global
	GlobalSection(SolutionConfigurationPlatforms) = preSolution
		Debug|Any CPU = Debug|Any CPU
		Release|Any CPU = Release|Any CPU
	EndGlobalSection
	GlobalSection(ProjectConfigurationPlatforms) = postSolution
		{FD79CA9F-E4F8-49EF-BF01-A09C33E7BB71}.Debug|Any CPU.ActiveCfg = Debug|Any CPU
		{FD79CA9F-E4F8-49EF-BF01-A09C33E7BB71}.Debug|Any CPU.Build.0 = Debug|Any CPU
		{FD79CA9F-E4F8-49EF-BF01-A09C33E7BB71}.Release|Any CPU.ActiveCfg = Release|Any CPU
		{FD79CA9F-E4F8-49EF-BF01-A09C33E7BB71}.Release|Any CPU.Build.0 = Release|Any CPU
	EndGlobalSection
	GlobalSection(SolutionProperties) = preSolution
		HideSolutionNode = FALSE
	EndGlobalSection
	GlobalSection(ExtensibilityGlobals) = postSolution
		SolutionGuid = {666B44FA-94B9-495F-AAA7-787E81BD1BD2}
	EndGlobalSection
EndGlobal
