Microsoft Visual Studio Solution File, Format Version 12.00
# Visual Studio 15
VisualStudioVersion = 15.0.27130.2010
MinimumVisualStudioVersion = 10.0.40219.1
Project("{FAE04EC0-301F-11D3-BF4B-00C04F79EFBC}") = "飘动窗体", "飘动窗体.csproj", "{CA3ABDFD-5403-407C-810B-9DDD5C3E4788}"
EndProject
Global
	GlobalSection(SolutionConfigurationPlatforms) = preSolution
		Debug|Any CPU = Debug|Any CPU
		Release|Any CPU = Release|Any CPU
	EndGlobalSection
	GlobalSection(ProjectConfigurationPlatforms) = postSolution
		{CA3ABDFD-5403-407C-810B-9DDD5C3E4788}.Debug|Any CPU.ActiveCfg = Debug|Any CPU
		{CA3ABDFD-5403-407C-810B-9DDD5C3E4788}.Debug|Any CPU.Build.0 = Debug|Any CPU
		{CA3ABDFD-5403-407C-810B-9DDD5C3E4788}.Release|Any CPU.ActiveCfg = Release|Any CPU
		{CA3ABDFD-5403-407C-810B-9DDD5C3E4788}.Release|Any CPU.Build.0 = Release|Any CPU
	EndGlobalSection
	GlobalSection(SolutionProperties) = preSolution
		HideSolutionNode = FALSE
	EndGlobalSection
	GlobalSection(ExtensibilityGlobals) = postSolution
		SolutionGuid = {C14DDA6C-2C56-4B72-AD19-F45F6D82815B}
	EndGlobalSection
EndGlobal
