Microsoft Visual Studio Solution File, Format Version 12.00
# Visual Studio 15
VisualStudioVersion = 15.0.27130.2010
MinimumVisualStudioVersion = 10.0.40219.1
Project("{FAE04EC0-301F-11D3-BF4B-00C04F79EFBC}") = "不规则窗体", "不规则窗体.csproj", "{965E3EBE-CD98-486D-8AE7-E5CD354FAF66}"
EndProject
Global
	GlobalSection(SolutionConfigurationPlatforms) = preSolution
		Debug|Any CPU = Debug|Any CPU
		Release|Any CPU = Release|Any CPU
	EndGlobalSection
	GlobalSection(ProjectConfigurationPlatforms) = postSolution
		{965E3EBE-CD98-486D-8AE7-E5CD354FAF66}.Debug|Any CPU.ActiveCfg = Debug|Any CPU
		{965E3EBE-CD98-486D-8AE7-E5CD354FAF66}.Debug|Any CPU.Build.0 = Debug|Any CPU
		{965E3EBE-CD98-486D-8AE7-E5CD354FAF66}.Release|Any CPU.ActiveCfg = Release|Any CPU
		{965E3EBE-CD98-486D-8AE7-E5CD354FAF66}.Release|Any CPU.Build.0 = Release|Any CPU
	EndGlobalSection
	GlobalSection(SolutionProperties) = preSolution
		HideSolutionNode = FALSE
	EndGlobalSection
	GlobalSection(ExtensibilityGlobals) = postSolution
		SolutionGuid = {BD6AF7FE-2143-4857-9A43-4976C326CC63}
	EndGlobalSection
EndGlobal
