
Microsoft Visual Studio Solution File, Format Version 12.00
# Visual Studio 15
VisualStudioVersion = 15.0.27130.2010
MinimumVisualStudioVersion = 10.0.40219.1
Project("{FAE04EC0-301F-11D3-BF4B-00C04F79EFBC}") = "例8_12", "例8_12.csproj", "{4CA4A197-5C4D-495E-A8A2-65D9948C565B}"
EndProject
Global
	GlobalSection(SolutionConfigurationPlatforms) = preSolution
		Debug|Any CPU = Debug|Any CPU
		Release|Any CPU = Release|Any CPU
	EndGlobalSection
	GlobalSection(ProjectConfigurationPlatforms) = postSolution
		{4CA4A197-5C4D-495E-A8A2-65D9948C565B}.Debug|Any CPU.ActiveCfg = Debug|Any CPU
		{4CA4A197-5C4D-495E-A8A2-65D9948C565B}.Debug|Any CPU.Build.0 = Debug|Any CPU
		{4CA4A197-5C4D-495E-A8A2-65D9948C565B}.Release|Any CPU.ActiveCfg = Release|Any CPU
		{4CA4A197-5C4D-495E-A8A2-65D9948C565B}.Release|Any CPU.Build.0 = Release|Any CPU
	EndGlobalSection
	GlobalSection(SolutionProperties) = preSolution
		HideSolutionNode = FALSE
	EndGlobalSection
	GlobalSection(ExtensibilityGlobals) = postSolution
		SolutionGuid = {51C0F53B-0DA8-4ABF-B44F-C63620B5A0BA}
	EndGlobalSection
EndGlobal
