
Microsoft Visual Studio Solution File, Format Version 12.00
# Visual Studio 15
VisualStudioVersion = 15.0.27130.2010
MinimumVisualStudioVersion = 10.0.40219.1
Project("{FAE04EC0-301F-11D3-BF4B-00C04F79EFBC}") = "Media Player播放器", "Media Player播放器\Media Player播放器.csproj", "{05CED89D-7D88-4340-90F8-00812983D71E}"
EndProject
Global
	GlobalSection(SolutionConfigurationPlatforms) = preSolution
		Debug|Any CPU = Debug|Any CPU
		Release|Any CPU = Release|Any CPU
	EndGlobalSection
	GlobalSection(ProjectConfigurationPlatforms) = postSolution
		{05CED89D-7D88-4340-90F8-00812983D71E}.Debug|Any CPU.ActiveCfg = Debug|Any CPU
		{05CED89D-7D88-4340-90F8-00812983D71E}.Debug|Any CPU.Build.0 = Debug|Any CPU
		{05CED89D-7D88-4340-90F8-00812983D71E}.Release|Any CPU.ActiveCfg = Release|Any CPU
		{05CED89D-7D88-4340-90F8-00812983D71E}.Release|Any CPU.Build.0 = Release|Any CPU
	EndGlobalSection
	GlobalSection(SolutionProperties) = preSolution
		HideSolutionNode = FALSE
	EndGlobalSection
	GlobalSection(ExtensibilityGlobals) = postSolution
		SolutionGuid = {9850D5DB-C4CE-449E-9F5F-EDE53A6F7F0B}
	EndGlobalSection
EndGlobal
