Microsoft Visual Studio Solution File, Format Version 12.00
# Visual Studio 15
VisualStudioVersion = 15.0.27130.2010
MinimumVisualStudioVersion = 10.0.40219.1
Project("{FAE04EC0-301F-11D3-BF4B-00C04F79EFBC}") = "Àý7-8", "Àý7-8.csproj", "{FCF0FE3D-1F93-4D00-8EF3-8E6307447860}"
EndProject
Global
	GlobalSection(SolutionConfigurationPlatforms) = preSolution
		Debug|Any CPU = Debug|Any CPU
		Release|Any CPU = Release|Any CPU
	EndGlobalSection
	GlobalSection(ProjectConfigurationPlatforms) = postSolution
		{FCF0FE3D-1F93-4D00-8EF3-8E6307447860}.Debug|Any CPU.ActiveCfg = Debug|Any CPU
		{FCF0FE3D-1F93-4D00-8EF3-8E6307447860}.Debug|Any CPU.Build.0 = Debug|Any CPU
		{FCF0FE3D-1F93-4D00-8EF3-8E6307447860}.Release|Any CPU.ActiveCfg = Release|Any CPU
		{FCF0FE3D-1F93-4D00-8EF3-8E6307447860}.Release|Any CPU.Build.0 = Release|Any CPU
	EndGlobalSection
	GlobalSection(SolutionProperties) = preSolution
		HideSolutionNode = FALSE
	EndGlobalSection
	GlobalSection(ExtensibilityGlobals) = postSolution
		SolutionGuid = {4008DDFC-6D7F-4C32-8073-C94853091349}
	EndGlobalSection
EndGlobal
