
Microsoft Visual Studio Solution File, Format Version 12.00
# Visual Studio 15
VisualStudioVersion = 15.0.27130.2020
MinimumVisualStudioVersion = 10.0.40219.1
Project("{FAE04EC0-301F-11D3-BF4B-00C04F79EFBC}") = "例8_9", "例8_9.csproj", "{74F5BF06-E8FF-4E3E-8052-7A61C42CECF5}"
EndProject
Global
	GlobalSection(SolutionConfigurationPlatforms) = preSolution
		Debug|Any CPU = Debug|Any CPU
		Release|Any CPU = Release|Any CPU
	EndGlobalSection
	GlobalSection(ProjectConfigurationPlatforms) = postSolution
		{74F5BF06-E8FF-4E3E-8052-7A61C42CECF5}.Debug|Any CPU.ActiveCfg = Debug|Any CPU
		{74F5BF06-E8FF-4E3E-8052-7A61C42CECF5}.Debug|Any CPU.Build.0 = Debug|Any CPU
		{74F5BF06-E8FF-4E3E-8052-7A61C42CECF5}.Release|Any CPU.ActiveCfg = Release|Any CPU
		{74F5BF06-E8FF-4E3E-8052-7A61C42CECF5}.Release|Any CPU.Build.0 = Release|Any CPU
	EndGlobalSection
	GlobalSection(SolutionProperties) = preSolution
		HideSolutionNode = FALSE
	EndGlobalSection
	GlobalSection(ExtensibilityGlobals) = postSolution
		SolutionGuid = {831E53A1-DCF2-4B4F-86B5-E6AB9E684503}
	EndGlobalSection
EndGlobal
