Microsoft Visual Studio Solution File, Format Version 12.00
# Visual Studio 15
VisualStudioVersion = 15.0.27130.2010
MinimumVisualStudioVersion = 10.0.40219.1
Project("{FAE04EC0-301F-11D3-BF4B-00C04F79EFBC}") = "学生列表ListView", "学生列表ListView.csproj", "{6B58A461-B1A1-4E09-A2DF-62C33582B2BB}"
EndProject
Global
	GlobalSection(SolutionConfigurationPlatforms) = preSolution
		Debug|Any CPU = Debug|Any CPU
		Release|Any CPU = Release|Any CPU
	EndGlobalSection
	GlobalSection(ProjectConfigurationPlatforms) = postSolution
		{6B58A461-B1A1-4E09-A2DF-62C33582B2BB}.Debug|Any CPU.ActiveCfg = Debug|Any CPU
		{6B58A461-B1A1-4E09-A2DF-62C33582B2BB}.Debug|Any CPU.Build.0 = Debug|Any CPU
		{6B58A461-B1A1-4E09-A2DF-62C33582B2BB}.Release|Any CPU.ActiveCfg = Release|Any CPU
		{6B58A461-B1A1-4E09-A2DF-62C33582B2BB}.Release|Any CPU.Build.0 = Release|Any CPU
	EndGlobalSection
	GlobalSection(SolutionProperties) = preSolution
		HideSolutionNode = FALSE
	EndGlobalSection
	GlobalSection(ExtensibilityGlobals) = postSolution
		SolutionGuid = {5CC552C9-512A-47CF-9788-443B90C2A3A2}
	EndGlobalSection
EndGlobal
