
Microsoft Visual Studio Solution File, Format Version 12.00
# Visual Studio 15
VisualStudioVersion = 15.0.27130.2010
MinimumVisualStudioVersion = 10.0.40219.1
Project("{FAE04EC0-301F-11D3-BF4B-00C04F79EFBC}") = "例8-11", "例8-11.csproj", "{40DFCF67-9624-49B5-994A-8B46F6AC5CAE}"
EndProject
Global
	GlobalSection(SolutionConfigurationPlatforms) = preSolution
		Debug|Any CPU = Debug|Any CPU
		Release|Any CPU = Release|Any CPU
	EndGlobalSection
	GlobalSection(ProjectConfigurationPlatforms) = postSolution
		{40DFCF67-9624-49B5-994A-8B46F6AC5CAE}.Debug|Any CPU.ActiveCfg = Debug|Any CPU
		{40DFCF67-9624-49B5-994A-8B46F6AC5CAE}.Debug|Any CPU.Build.0 = Debug|Any CPU
		{40DFCF67-9624-49B5-994A-8B46F6AC5CAE}.Release|Any CPU.ActiveCfg = Release|Any CPU
		{40DFCF67-9624-49B5-994A-8B46F6AC5CAE}.Release|Any CPU.Build.0 = Release|Any CPU
	EndGlobalSection
	GlobalSection(SolutionProperties) = preSolution
		HideSolutionNode = FALSE
	EndGlobalSection
	GlobalSection(ExtensibilityGlobals) = postSolution
		SolutionGuid = {D339D717-6CAC-49C6-B0EE-CFC61ED3D64C}
	EndGlobalSection
EndGlobal
