Microsoft Visual Studio Solution File, Format Version 12.00
# Visual Studio 15
VisualStudioVersion = 15.0.27130.2010
MinimumVisualStudioVersion = 10.0.40219.1
Project("{FAE04EC0-301F-11D3-BF4B-00C04F79EFBC}") = "junqi", "junqi.csproj", "{DBE3DC7A-4CBA-4DC8-8852-9470397D39F8}"
EndProject
Global
	GlobalSection(SolutionConfigurationPlatforms) = preSolution
		Debug|Any CPU = Debug|Any CPU
		Release|Any CPU = Release|Any CPU
	EndGlobalSection
	GlobalSection(ProjectConfigurationPlatforms) = postSolution
		{DBE3DC7A-4CBA-4DC8-8852-9470397D39F8}.Debug|Any CPU.ActiveCfg = Debug|Any CPU
		{DBE3DC7A-4CBA-4DC8-8852-9470397D39F8}.Debug|Any CPU.Build.0 = Debug|Any CPU
		{DBE3DC7A-4CBA-4DC8-8852-9470397D39F8}.Release|Any CPU.ActiveCfg = Release|Any CPU
		{DBE3DC7A-4CBA-4DC8-8852-9470397D39F8}.Release|Any CPU.Build.0 = Release|Any CPU
	EndGlobalSection
	GlobalSection(SolutionProperties) = preSolution
		HideSolutionNode = FALSE
	EndGlobalSection
	GlobalSection(ExtensibilityGlobals) = postSolution
		SolutionGuid = {2D92A44A-664A-4ECF-873C-9013C5880FCC}
	EndGlobalSection
EndGlobal
