Microsoft Visual Studio Solution File, Format Version 12.00
# Visual Studio 15
VisualStudioVersion = 15.0.27130.2010
MinimumVisualStudioVersion = 10.0.40219.1
Project("{FAE04EC0-301F-11D3-BF4B-00C04F79EFBC}") = "Í¼Æ¬×Ô¶¯ä¯ÀÀÆ÷", "Í¼Æ¬×Ô¶¯ä¯ÀÀÆ÷.csproj", "{EF3997E1-47D8-47C7-9FFA-4B809CFC010C}"
EndProject
Global
	GlobalSection(SolutionConfigurationPlatforms) = preSolution
		Debug|Any CPU = Debug|Any CPU
		Release|Any CPU = Release|Any CPU
	EndGlobalSection
	GlobalSection(ProjectConfigurationPlatforms) = postSolution
		{EF3997E1-47D8-47C7-9FFA-4B809CFC010C}.Debug|Any CPU.ActiveCfg = Debug|Any CPU
		{EF3997E1-47D8-47C7-9FFA-4B809CFC010C}.Debug|Any CPU.Build.0 = Debug|Any CPU
		{EF3997E1-47D8-47C7-9FFA-4B809CFC010C}.Release|Any CPU.ActiveCfg = Release|Any CPU
		{EF3997E1-47D8-47C7-9FFA-4B809CFC010C}.Release|Any CPU.Build.0 = Release|Any CPU
	EndGlobalSection
	GlobalSection(SolutionProperties) = preSolution
		HideSolutionNode = FALSE
	EndGlobalSection
	GlobalSection(ExtensibilityGlobals) = postSolution
		SolutionGuid = {248C4DEC-D6C1-4ABA-B34E-6C5835BEF88F}
	EndGlobalSection
EndGlobal
