
Microsoft Visual Studio Solution File, Format Version 12.00
# Visual Studio 15
VisualStudioVersion = 15.0.27130.2020
MinimumVisualStudioVersion = 10.0.40219.1
Project("{FAE04EC0-301F-11D3-BF4B-00C04F79EFBC}") = "例10_1", "例10_1.csproj", "{AE347250-E352-478A-A2FA-9B6CD446083A}"
EndProject
Global
	GlobalSection(SolutionConfigurationPlatforms) = preSolution
		Debug|Any CPU = Debug|Any CPU
		Release|Any CPU = Release|Any CPU
	EndGlobalSection
	GlobalSection(ProjectConfigurationPlatforms) = postSolution
		{AE347250-E352-478A-A2FA-9B6CD446083A}.Debug|Any CPU.ActiveCfg = Debug|Any CPU
		{AE347250-E352-478A-A2FA-9B6CD446083A}.Debug|Any CPU.Build.0 = Debug|Any CPU
		{AE347250-E352-478A-A2FA-9B6CD446083A}.Release|Any CPU.ActiveCfg = Release|Any CPU
		{AE347250-E352-478A-A2FA-9B6CD446083A}.Release|Any CPU.Build.0 = Release|Any CPU
	EndGlobalSection
	GlobalSection(SolutionProperties) = preSolution
		HideSolutionNode = FALSE
	EndGlobalSection
	GlobalSection(ExtensibilityGlobals) = postSolution
		SolutionGuid = {41C8EBE5-D483-4C64-9B30-2B70E10CA807}
	EndGlobalSection
EndGlobal
