
Microsoft Visual Studio Solution File, Format Version 12.00
# Visual Studio 15
VisualStudioVersion = 15.0.27130.2010
MinimumVisualStudioVersion = 10.0.40219.1
Project("{FAE04EC0-301F-11D3-BF4B-00C04F79EFBC}") = "局域网点对点通信", "局域网点对点通信\局域网点对点通信.csproj", "{FC0F64F4-AD96-49FD-81DD-E9616BDB276A}"
EndProject
Global
	GlobalSection(SolutionConfigurationPlatforms) = preSolution
		Debug|Any CPU = Debug|Any CPU
		Release|Any CPU = Release|Any CPU
	EndGlobalSection
	GlobalSection(ProjectConfigurationPlatforms) = postSolution
		{FC0F64F4-AD96-49FD-81DD-E9616BDB276A}.Debug|Any CPU.ActiveCfg = Debug|Any CPU
		{FC0F64F4-AD96-49FD-81DD-E9616BDB276A}.Debug|Any CPU.Build.0 = Debug|Any CPU
		{FC0F64F4-AD96-49FD-81DD-E9616BDB276A}.Release|Any CPU.ActiveCfg = Release|Any CPU
		{FC0F64F4-AD96-49FD-81DD-E9616BDB276A}.Release|Any CPU.Build.0 = Release|Any CPU
	EndGlobalSection
	GlobalSection(SolutionProperties) = preSolution
		HideSolutionNode = FALSE
	EndGlobalSection
	GlobalSection(ExtensibilityGlobals) = postSolution
		SolutionGuid = {38E365EC-3CD4-4B3C-A32D-2946AB994AC5}
	EndGlobalSection
EndGlobal
