Microsoft Visual Studio Solution File, Format Version 12.00
# Visual Studio 15
VisualStudioVersion = 15.0.27130.2010
MinimumVisualStudioVersion = 10.0.40219.1
Project("{FAE04EC0-301F-11D3-BF4B-00C04F79EFBC}") = "WindowsApplication1", "WindowsApplication1.csproj", "{30E2C922-723D-4AB8-9C36-7D34C8281202}"
EndProject
Global
	GlobalSection(SolutionConfigurationPlatforms) = preSolution
		Debug|Any CPU = Debug|Any CPU
		Release|Any CPU = Release|Any CPU
	EndGlobalSection
	GlobalSection(ProjectConfigurationPlatforms) = postSolution
		{30E2C922-723D-4AB8-9C36-7D34C8281202}.Debug|Any CPU.ActiveCfg = Debug|Any CPU
		{30E2C922-723D-4AB8-9C36-7D34C8281202}.Debug|Any CPU.Build.0 = Debug|Any CPU
		{30E2C922-723D-4AB8-9C36-7D34C8281202}.Release|Any CPU.ActiveCfg = Release|Any CPU
		{30E2C922-723D-4AB8-9C36-7D34C8281202}.Release|Any CPU.Build.0 = Release|Any CPU
	EndGlobalSection
	GlobalSection(SolutionProperties) = preSolution
		HideSolutionNode = FALSE
	EndGlobalSection
	GlobalSection(ExtensibilityGlobals) = postSolution
		SolutionGuid = {9ED54BFC-8BD5-4160-95F1-1BC018CAA3EE}
	EndGlobalSection
EndGlobal
