
Microsoft Visual Studio Solution File, Format Version 12.00
# Visual Studio 15
VisualStudioVersion = 15.0.27130.2010
MinimumVisualStudioVersion = 10.0.40219.1
Project("{FAE04EC0-301F-11D3-BF4B-00C04F79EFBC}") = "clock", "clock.csproj", "{863F3776-38A0-4B1A-8220-95060C5704A3}"
EndProject
Project("{FAE04EC0-301F-11D3-BF4B-00C04F79EFBC}") = "控件测试", "控件测试\控件测试\控件测试.csproj", "{B059E0E5-EBF8-421A-95DC-076772580B3E}"
	ProjectSection(ProjectDependencies) = postProject
		{863F3776-38A0-4B1A-8220-95060C5704A3} = {863F3776-38A0-4B1A-8220-95060C5704A3}
	EndProjectSection
EndProject
Global
	GlobalSection(SolutionConfigurationPlatforms) = preSolution
		Debug|Any CPU = Debug|Any CPU
		Release|Any CPU = Release|Any CPU
	EndGlobalSection
	GlobalSection(ProjectConfigurationPlatforms) = postSolution
		{863F3776-38A0-4B1A-8220-95060C5704A3}.Debug|Any CPU.ActiveCfg = Debug|Any CPU
		{863F3776-38A0-4B1A-8220-95060C5704A3}.Debug|Any CPU.Build.0 = Debug|Any CPU
		{863F3776-38A0-4B1A-8220-95060C5704A3}.Release|Any CPU.ActiveCfg = Release|Any CPU
		{863F3776-38A0-4B1A-8220-95060C5704A3}.Release|Any CPU.Build.0 = Release|Any CPU
		{B059E0E5-EBF8-421A-95DC-076772580B3E}.Debug|Any CPU.ActiveCfg = Debug|Any CPU
		{B059E0E5-EBF8-421A-95DC-076772580B3E}.Debug|Any CPU.Build.0 = Debug|Any CPU
		{B059E0E5-EBF8-421A-95DC-076772580B3E}.Release|Any CPU.ActiveCfg = Release|Any CPU
		{B059E0E5-EBF8-421A-95DC-076772580B3E}.Release|Any CPU.Build.0 = Release|Any CPU
	EndGlobalSection
	GlobalSection(SolutionProperties) = preSolution
		HideSolutionNode = FALSE
	EndGlobalSection
	GlobalSection(ExtensibilityGlobals) = postSolution
		SolutionGuid = {FF57BE20-7848-4F89-95A5-502BA702985B}
	EndGlobalSection
EndGlobal
