
Microsoft Visual Studio Solution File, Format Version 12.00
# Visual Studio 15
VisualStudioVersion = 15.0.27130.2020
MinimumVisualStudioVersion = 10.0.40219.1
Project("{FAE04EC0-301F-11D3-BF4B-00C04F79EFBC}") = "liu_yan_book", "liu_yan_book.csproj", "{FCD79A64-73CB-485C-B162-5FD855AC1BCD}"
EndProject
Global
	GlobalSection(SolutionConfigurationPlatforms) = preSolution
		Debug|Any CPU = Debug|Any CPU
		Release|Any CPU = Release|Any CPU
	EndGlobalSection
	GlobalSection(ProjectConfigurationPlatforms) = postSolution
		{FCD79A64-73CB-485C-B162-5FD855AC1BCD}.Debug|Any CPU.ActiveCfg = Debug|Any CPU
		{FCD79A64-73CB-485C-B162-5FD855AC1BCD}.Debug|Any CPU.Build.0 = Debug|Any CPU
		{FCD79A64-73CB-485C-B162-5FD855AC1BCD}.Release|Any CPU.ActiveCfg = Release|Any CPU
		{FCD79A64-73CB-485C-B162-5FD855AC1BCD}.Release|Any CPU.Build.0 = Release|Any CPU
	EndGlobalSection
	GlobalSection(SolutionProperties) = preSolution
		HideSolutionNode = FALSE
	EndGlobalSection
	GlobalSection(ExtensibilityGlobals) = postSolution
		SolutionGuid = {D4611A8F-0813-4F99-9FFD-E8ADA4E73012}
	EndGlobalSection
EndGlobal
