Microsoft Visual Studio Solution File, Format Version 12.00
# Visual Studio 15
VisualStudioVersion = 15.0.27130.2010
MinimumVisualStudioVersion = 10.0.40219.1
Project("{FAE04EC0-301F-11D3-BF4B-00C04F79EFBC}") = "Àý7-5", "Àý7-5.csproj", "{B25530D3-D4EB-4A31-A7C7-FB61B8F61C2A}"
EndProject
Global
	GlobalSection(SolutionConfigurationPlatforms) = preSolution
		Debug|Any CPU = Debug|Any CPU
		Release|Any CPU = Release|Any CPU
	EndGlobalSection
	GlobalSection(ProjectConfigurationPlatforms) = postSolution
		{B25530D3-D4EB-4A31-A7C7-FB61B8F61C2A}.Debug|Any CPU.ActiveCfg = Debug|Any CPU
		{B25530D3-D4EB-4A31-A7C7-FB61B8F61C2A}.Debug|Any CPU.Build.0 = Debug|Any CPU
		{B25530D3-D4EB-4A31-A7C7-FB61B8F61C2A}.Release|Any CPU.ActiveCfg = Release|Any CPU
		{B25530D3-D4EB-4A31-A7C7-FB61B8F61C2A}.Release|Any CPU.Build.0 = Release|Any CPU
	EndGlobalSection
	GlobalSection(SolutionProperties) = preSolution
		HideSolutionNode = FALSE
	EndGlobalSection
	GlobalSection(ExtensibilityGlobals) = postSolution
		SolutionGuid = {2B05BE03-4864-4896-B96D-26CBFD225538}
	EndGlobalSection
EndGlobal
