Microsoft Visual Studio Solution File, Format Version 12.00
# Visual Studio 15
VisualStudioVersion = 15.0.27130.2010
MinimumVisualStudioVersion = 10.0.40219.1
Project("{FAE04EC0-301F-11D3-BF4B-00C04F79EFBC}") = "注册系统热键", "注册系统热键.csproj", "{D16B2B56-4D29-42AF-B4D9-5D1876E3164B}"
EndProject
Global
	GlobalSection(SolutionConfigurationPlatforms) = preSolution
		Debug|Any CPU = Debug|Any CPU
		Release|Any CPU = Release|Any CPU
	EndGlobalSection
	GlobalSection(ProjectConfigurationPlatforms) = postSolution
		{D16B2B56-4D29-42AF-B4D9-5D1876E3164B}.Debug|Any CPU.ActiveCfg = Debug|Any CPU
		{D16B2B56-4D29-42AF-B4D9-5D1876E3164B}.Debug|Any CPU.Build.0 = Debug|Any CPU
		{D16B2B56-4D29-42AF-B4D9-5D1876E3164B}.Release|Any CPU.ActiveCfg = Release|Any CPU
		{D16B2B56-4D29-42AF-B4D9-5D1876E3164B}.Release|Any CPU.Build.0 = Release|Any CPU
	EndGlobalSection
	GlobalSection(SolutionProperties) = preSolution
		HideSolutionNode = FALSE
	EndGlobalSection
	GlobalSection(ExtensibilityGlobals) = postSolution
		SolutionGuid = {4C0429A7-BF2B-48AB-BEF3-BCF6E3417220}
	EndGlobalSection
EndGlobal
