
Microsoft Visual Studio Solution File, Format Version 12.00
# Visual Studio 15
VisualStudioVersion = 15.0.27130.2010
MinimumVisualStudioVersion = 10.0.40219.1
Project("{FAE04EC0-301F-11D3-BF4B-00C04F79EFBC}") = "test控制台应用程序", "test控制台应用程序\test控制台应用程序.csproj", "{AEC39702-A2A7-455D-BBC3-60B756FD0BFC}"
EndProject
Global
	GlobalSection(SolutionConfigurationPlatforms) = preSolution
		Debug|Any CPU = Debug|Any CPU
		Release|Any CPU = Release|Any CPU
	EndGlobalSection
	GlobalSection(ProjectConfigurationPlatforms) = postSolution
		{AEC39702-A2A7-455D-BBC3-60B756FD0BFC}.Debug|Any CPU.ActiveCfg = Debug|Any CPU
		{AEC39702-A2A7-455D-BBC3-60B756FD0BFC}.Debug|Any CPU.Build.0 = Debug|Any CPU
		{AEC39702-A2A7-455D-BBC3-60B756FD0BFC}.Release|Any CPU.ActiveCfg = Release|Any CPU
		{AEC39702-A2A7-455D-BBC3-60B756FD0BFC}.Release|Any CPU.Build.0 = Release|Any CPU
	EndGlobalSection
	GlobalSection(SolutionProperties) = preSolution
		HideSolutionNode = FALSE
	EndGlobalSection
	GlobalSection(ExtensibilityGlobals) = postSolution
		SolutionGuid = {FCF51CFC-FA16-4DB7-AB42-9A0E6339A254}
	EndGlobalSection
EndGlobal
