Microsoft Visual Studio Solution File, Format Version 12.00
# Visual Studio 15
VisualStudioVersion = 15.0.27130.2010
MinimumVisualStudioVersion = 10.0.40219.1
Project("{FAE04EC0-301F-11D3-BF4B-00C04F79EFBC}") = "单选按钮应用", "单选按钮应用.csproj", "{FE1D2F38-29E1-4C58-86F9-03CE01B21C33}"
EndProject
Global
	GlobalSection(SolutionConfigurationPlatforms) = preSolution
		Debug|Any CPU = Debug|Any CPU
		Release|Any CPU = Release|Any CPU
	EndGlobalSection
	GlobalSection(ProjectConfigurationPlatforms) = postSolution
		{FE1D2F38-29E1-4C58-86F9-03CE01B21C33}.Debug|Any CPU.ActiveCfg = Debug|Any CPU
		{FE1D2F38-29E1-4C58-86F9-03CE01B21C33}.Debug|Any CPU.Build.0 = Debug|Any CPU
		{FE1D2F38-29E1-4C58-86F9-03CE01B21C33}.Release|Any CPU.ActiveCfg = Release|Any CPU
		{FE1D2F38-29E1-4C58-86F9-03CE01B21C33}.Release|Any CPU.Build.0 = Release|Any CPU
	EndGlobalSection
	GlobalSection(SolutionProperties) = preSolution
		HideSolutionNode = FALSE
	EndGlobalSection
	GlobalSection(ExtensibilityGlobals) = postSolution
		SolutionGuid = {E123B3BC-31F0-452B-AB53-D6A609360CC8}
	EndGlobalSection
EndGlobal
